// !$*UTF8*$!
{
	archiveVersion = 1;
	classes = {
	};
	objectVersion = 46;
	objects = {

/* Begin PBXBuildFile section */
		6316D3811D42932A00BEC471 /* AppDelegate.swift in Sources */ = {isa = PBXBuildFile; fileRef = 6316D3801D42932A00BEC471 /* AppDelegate.swift */; };
		6316D3841D42932A00BEC471 /* StepUp.xcdatamodeld in Sources */ = {isa = PBXBuildFile; fileRef = 6316D3821D42932A00BEC471 /* StepUp.xcdatamodeld */; };
		6316D3861D42932A00BEC471 /* MasterViewController.swift in Sources */ = {isa = PBXBuildFile; fileRef = 6316D3851D42932A00BEC471 /* MasterViewController.swift */; };
		6316D3881D42932A00BEC471 /* DetailViewController.swift in Sources */ = {isa = PBXBuildFile; fileRef = 6316D3871D42932A00BEC471 /* DetailViewController.swift */; };
		6316D38B1D42932A00BEC471 /* Main.storyboard in Resources */ = {isa = PBXBuildFile; fileRef = 6316D3891D42932A00BEC471 /* Main.storyboard */; };
		6316D38D1D42932A00BEC471 /* Assets.xcassets in Resources */ = {isa = PBXBuildFile; fileRef = 6316D38C1D42932A00BEC471 /* Assets.xcassets */; };
		6316D3901D42932A00BEC471 /* LaunchScreen.storyboard in Resources */ = {isa = PBXBuildFile; fileRef = 6316D38E1D42932A00BEC471 /* LaunchScreen.storyboard */; };
		6316D39B1D42932A00BEC471 /* StepUpTests.swift in Sources */ = {isa = PBXBuildFile; fileRef = 6316D39A1D42932A00BEC471 /* StepUpTests.swift */; };
		6316D3A61D42932A00BEC471 /* StepUpUITests.swift in Sources */ = {isa = PBXBuildFile; fileRef = 6316D3A51D42932A00BEC471 /* StepUpUITests.swift */; };
/* End PBXBuildFile section */

/* Begin PBXContainerItemProxy section */
		6316D3971D42932A00BEC471 /* PBXContainerItemProxy */ = {
			isa = PBXContainerItemProxy;
			containerPortal = 6316D3751D42932A00BEC471 /* Project object */;
			proxyType = 1;
			remoteGlobalIDString = 6316D37C1D42932A00BEC471;
			remoteInfo = StepUp;
		};
		6316D3A21D42932A00BEC471 /* PBXContainerItemProxy */ = {
			isa = PBXContainerItemProxy;
			containerPortal = 6316D3751D42932A00BEC471 /* Project object */;
			proxyType = 1;
			remoteGlobalIDString = 6316D37C1D42932A00BEC471;
			remoteInfo = StepUp;
		};
/* End PBXContainerItemProxy section */

/* Begin PBXFileReference section */
		6316D37D1D42932A00BEC471 /* StepUp.app */ = {isa = PBXFileReference; explicitFileType = wrapper.application; includeInIndex = 0; path = StepUp.app; sourceTree = BUILT_PRODUCTS_DIR; };
		6316D3801D42932A00BEC471 /* AppDelegate.swift */ = {isa = PBXFileReference; lastKnownFileType = sourcecode.swift; path = AppDelegate.swift; sourceTree = "<group>"; };
		6316D3831D42932A00BEC471 /* StepUp.xcdatamodel */ = {isa = PBXFileReference; lastKnownFileType = wrapper.xcdatamodel; path = StepUp.xcdatamodel; sourceTree = "<group>"; };
		6316D3851D42932A00BEC471 /* MasterViewController.swift */ = {isa = PBXFileReference; lastKnownFileType = sourcecode.swift; path = MasterViewController.swift; sourceTree = "<group>"; };
		6316D3871D42932A00BEC471 /* DetailViewController.swift */ = {isa = PBXFileReference; lastKnownFileType = sourcecode.swift; path = DetailViewController.swift; sourceTree = "<group>"; };
		6316D38A1D42932A00BEC471 /* Base */ = {isa = PBXFileReference; lastKnownFileType = file.storyboard; name = Base; path = Base.lproj/Main.storyboard; sourceTree = "<group>"; };
		6316D38C1D42932A00BEC471 /* Assets.xcassets */ = {isa = PBXFileReference; lastKnownFileType = folder.assetcatalog; path = Assets.xcassets; sourceTree = "<group>"; };
		6316D38F1D42932A00BEC471 /* Base */ = {isa = PBXFileReference; lastKnownFileType = file.storyboard; name = Base; path = Base.lproj/LaunchScreen.storyboard; sourceTree = "<group>"; };
		6316D3911D42932A00BEC471 /* Info.plist */ = {isa = PBXFileReference; lastKnownFileType = text.plist.xml; path = Info.plist; sourceTree = "<group>"; };
		6316D3961D42932A00BEC471 /* StepUpTests.xctest */ = {isa = PBXFileReference; explicitFileType = wrapper.cfbundle; includeInIndex = 0; path = StepUpTests.xctest; sourceTree = BUILT_PRODUCTS_DIR; };
		6316D39A1D42932A00BEC471 /* StepUpTests.swift */ = {isa = PBXFileReference; lastKnownFileType = sourcecode.swift; path = StepUpTests.swift; sourceTree = "<group>"; };
		6316D39C1D42932A00BEC471 /* Info.plist */ = {isa = PBXFileReference; lastKnownFileType = text.plist.xml; path = Info.plist; sourceTree = "<group>"; };
		6316D3A11D42932A00BEC471 /* StepUpUITests.xctest */ = {isa = PBXFileReference; explicitFileType = wrapper.cfbundle; includeInIndex = 0; path = StepUpUITests.xctest; sourceTree = BUILT_PRODUCTS_DIR; };
		6316D3A51D42932A00BEC471 /* StepUpUITests.swift */ = {isa = PBXFileReference; lastKnownFileType = sourcecode.swift; path = StepUpUITests.swift; sourceTree = "<group>"; };
		6316D3A71D42932A00BEC471 /* Info.plist */ = {isa = PBXFileReference; lastKnownFileType = text.plist.xml; path = Info.plist; sourceTree = "<group>"; };
/* End PBXFileReference section */

/* Begin PBXFrameworksBuildPhase section */
		6316D37A1D42932A00BEC471 /* Frameworks */ = {
			isa = PBXFrameworksBuildPhase;
			buildActionMask = 2147483647;
			files = (
			);
			runOnlyForDeploymentPostprocessing = 0;
		};
		6316D3931D42932A00BEC471 /* Frameworks */ = {
			isa = PBXFrameworksBuildPhase;
			buildActionMask = 2147483647;
			files = (
			);
			runOnlyForDeploymentPostprocessing = 0;
		};
		6316D39E1D42932A00BEC471 /* Frameworks */ = {
			isa = PBXFrameworksBuildPhase;
			buildActionMask = 2147483647;
			files = (
			);
			runOnlyForDeploymentPostprocessing = 0;
		};
/* End PBXFrameworksBuildPhase section */

/* Begin PBXGroup section */
		6316D3741D42932A00BEC471 = {
			isa = PBXGroup;
			children = (
				6316D37F1D42932A00BEC471 /* StepUp */,
				6316D3991D42932A00BEC471 /* StepUpTests */,
				6316D3A41D42932A00BEC471 /* StepUpUITests */,
				6316D37E1D42932A00BEC471 /* Products */,
			);
			sourceTree = "<group>";
		};
		6316D37E1D42932A00BEC471 /* Products */ = {
			isa = PBXGroup;
			children = (
				6316D37D1D42932A00BEC471 /* StepUp.app */,
				6316D3961D42932A00BEC471 /* StepUpTests.xctest */,
				6316D3A11D42932A00BEC471 /* StepUpUITests.xctest */,
			);
			name = Products;
			sourceTree = "<group>";
		};
		6316D37F1D42932A00BEC471 /* StepUp */ = {
			isa = PBXGroup;
			children = (
				6316D3801D42932A00BEC471 /* AppDelegate.swift */,
				6316D3851D42932A00BEC471 /* MasterViewController.swift */,
				6316D3871D42932A00BEC471 /* DetailViewController.swift */,
				6316D3891D42932A00BEC471 /* Main.storyboard */,
				6316D38C1D42932A00BEC471 /* Assets.xcassets */,
				6316D38E1D42932A00BEC471 /* LaunchScreen.storyboard */,
				6316D3911D42932A00BEC471 /* Info.plist */,
				6316D3821D42932A00BEC471 /* StepUp.xcdatamodeld */,
			);
			path = StepUp;
			sourceTree = "<group>";
		};
		6316D3991D42932A00BEC471 /* StepUpTests */ = {
			isa = PBXGroup;
			children = (
				6316D39A1D42932A00BEC471 /* StepUpTests.swift */,
				6316D39C1D42932A00BEC471 /* Info.plist */,
			);
			path = StepUpTests;
			sourceTree = "<group>";
		};
		6316D3A41D42932A00BEC471 /* StepUpUITests */ = {
			isa = PBXGroup;
			children = (
				6316D3A51D42932A00BEC471 /* StepUpUITests.swift */,
				6316D3A71D42932A00BEC471 /* Info.plist */,
			);
			path = StepUpUITests;
			sourceTree = "<group>";
		};
/* End PBXGroup section */

/* Begin PBXNativeTarget section */
		6316D37C1D42932A00BEC471 /* StepUp */ = {
			isa = PBXNativeTarget;
			buildConfigurationList = 6316D3AA1D42932A00BEC471 /* Build configuration list for PBXNativeTarget "StepUp" */;
			buildPhases = (
				6316D3791D42932A00BEC471 /* Sources */,
				6316D37A1D42932A00BEC471 /* Frameworks */,
				6316D37B1D42932A00BEC471 /* Resources */,
			);
			buildRules = (
			);
			dependencies = (
			);
			name = StepUp;
			productName = StepUp;
			productReference = 6316D37D1D42932A00BEC471 /* StepUp.app */;
			productType = "com.apple.product-type.application";
		};
		6316D3951D42932A00BEC471 /* StepUpTests */ = {
			isa = PBXNativeTarget;
			buildConfigurationList = 6316D3AD1D42932A00BEC471 /* Build configuration list for PBXNativeTarget "StepUpTests" */;
			buildPhases = (
				6316D3921D42932A00BEC471 /* Sources */,
				6316D3931D42932A00BEC471 /* Frameworks */,
				6316D3941D42932A00BEC471 /* Resources */,
			);
			buildRules = (
			);
			dependencies = (
				6316D3981D42932A00BEC471 /* PBXTargetDependency */,
			);
			name = StepUpTests;
			productName = StepUpTests;
			productReference = 6316D3961D42932A00BEC471 /* StepUpTests.xctest */;
			productType = "com.apple.product-type.bundle.unit-test";
		};
		6316D3A01D42932A00BEC471 /* StepUpUITests */ = {
			isa = PBXNativeTarget;
			buildConfigurationList = 6316D3B01D42932A00BEC471 /* Build configuration list for PBXNativeTarget "StepUpUITests" */;
			buildPhases = (
				6316D39D1D42932A00BEC471 /* Sources */,
				6316D39E1D42932A00BEC471 /* Frameworks */,
				6316D39F1D42932A00BEC471 /* Resources */,
			);
			buildRules = (
			);
			dependencies = (
				6316D3A31D42932A00BEC471 /* PBXTargetDependency */,
			);
			name = StepUpUITests;
			productName = StepUpUITests;
			productReference = 6316D3A11D42932A00BEC471 /* StepUpUITests.xctest */;
			productType = "com.apple.product-type.bundle.ui-testing";
		};
/* End PBXNativeTarget section */

/* Begin PBXProject section */
		6316D3751D42932A00BEC471 /* Project object */ = {
			isa = PBXProject;
			attributes = {
				LastSwiftUpdateCheck = 0730;
				LastUpgradeCheck = 0730;
				ORGANIZATIONNAME = "Cody Li";
				TargetAttributes = {
					6316D37C1D42932A00BEC471 = {
						CreatedOnToolsVersion = 7.3.1;
					};
					6316D3951D42932A00BEC471 = {
						CreatedOnToolsVersion = 7.3.1;
						TestTargetID = 6316D37C1D42932A00BEC471;
					};
					6316D3A01D42932A00BEC471 = {
						CreatedOnToolsVersion = 7.3.1;
						TestTargetID = 6316D37C1D42932A00BEC471;
					};
				};
			};
			buildConfigurationList = 6316D3781D42932A00BEC471 /* Build configuration list for PBXProject "StepUp" */;
			compatibilityVersion = "Xcode 3.2";
			developmentRegion = English;
			hasScannedForEncodings = 0;
			knownRegions = (
				en,
				Base,
			);
			mainGroup = 6316D3741D42932A00BEC471;
			productRefGroup = 6316D37E1D42932A00BEC471 /* Products */;
			projectDirPath = "";
			projectRoot = "";
			targets = (
				6316D37C1D42932A00BEC471 /* StepUp */,
				6316D3951D42932A00BEC471 /* StepUpTests */,
				6316D3A01D42932A00BEC471 /* StepUpUITests */,
			);
		};
/* End PBXProject section */

/* Begin PBXResourcesBuildPhase section */
		6316D37B1D42932A00BEC471 /* Resources */ = {
			isa = PBXResourcesBuildPhase;
			buildActionMask = 2147483647;
			files = (
				6316D3901D42932A00BEC471 /* LaunchScreen.storyboard in Resources */,
				6316D38D1D42932A00BEC471 /* Assets.xcassets in Resources */,
				6316D38B1D42932A00BEC471 /* Main.storyboard in Resources */,
			);
			runOnlyForDeploymentPostprocessing = 0;
		};
		6316D3941D42932A00BEC471 /* Resources */ = {
			isa = PBXResourcesBuildPhase;
			buildActionMask = 2147483647;
			files = (
			);
			runOnlyForDeploymentPostprocessing = 0;
		};
		6316D39F1D42932A00BEC471 /* Resources */ = {
			isa = PBXResourcesBuildPhase;
			buildActionMask = 2147483647;
			files = (
			);
			runOnlyForDeploymentPostprocessing = 0;
		};
/* End PBXResourcesBuildPhase section */

/* Begin PBXSourcesBuildPhase section */
		6316D3791D42932A00BEC471 /* Sources */ = {
			isa = PBXSourcesBuildPhase;
			buildActionMask = 2147483647;
			files = (
				6316D3841D42932A00BEC471 /* StepUp.xcdatamodeld in Sources */,
				6316D3811D42932A00BEC471 /* AppDelegate.swift in Sources */,
				6316D3861D42932A00BEC471 /* MasterViewController.swift in Sources */,
				6316D3881D42932A00BEC471 /* DetailViewController.swift in Sources */,
			);
			runOnlyForDeploymentPostprocessing = 0;
		};
		6316D3921D42932A00BEC471 /* Sources */ = {
			isa = PBXSourcesBuildPhase;
			buildActionMask = 2147483647;
			files = (
				6316D39B1D42932A00BEC471 /* StepUpTests.swift in Sources */,
			);
			runOnlyForDeploymentPostprocessing = 0;
		};
		6316D39D1D42932A00BEC471 /* Sources */ = {
			isa = PBXSourcesBuildPhase;
			buildActionMask = 2147483647;
			files = (
				6316D3A61D42932A00BEC471 /* StepUpUITests.swift in Sources */,
			);
			runOnlyForDeploymentPostprocessing = 0;
		};
/* End PBXSourcesBuildPhase section */

/* Begin PBXTargetDependency section */
		6316D3981D42932A00BEC471 /* PBXTargetDependency */ = {
			isa = PBXTargetDependency;
			target = 6316D37C1D42932A00BEC471 /* StepUp */;
			targetProxy = 6316D3971D42932A00BEC471 /* PBXContainerItemProxy */;
		};
		6316D3A31D42932A00BEC471 /* PBXTargetDependency */ = {
			isa = PBXTargetDependency;
			target = 6316D37C1D42932A00BEC471 /* StepUp */;
			targetProxy = 6316D3A21D42932A00BEC471 /* PBXContainerItemProxy */;
		};
/* End PBXTargetDependency section */

/* Begin PBXVariantGroup section */
		6316D3891D42932A00BEC471 /* Main.storyboard */ = {
			isa = PBXVariantGroup;
			children = (
				6316D38A1D42932A00BEC471 /* Base */,
			);
			name = Main.storyboard;
			sourceTree = "<group>";
		};
		6316D38E1D42932A00BEC471 /* LaunchScreen.storyboard */ = {
			isa = PBXVariantGroup;
			children = (
				6316D38F1D42932A00BEC471 /* Base */,
			);
			name = LaunchScreen.storyboard;
			sourceTree = "<group>";
		};
/* End PBXVariantGroup section */

/* Begin XCBuildConfiguration section */
		6316D3A81D42932A00BEC471 /* Debug */ = {
			isa = XCBuildConfiguration;
			buildSettings = {
				ALWAYS_SEARCH_USER_PATHS = NO;
				CLANG_ANALYZER_NONNULL = YES;
				CLANG_CXX_LANGUAGE_STANDARD = "gnu++0x";
				CLANG_CXX_LIBRARY = "libc++";
				CLANG_ENABLE_MODULES = YES;
				CLANG_ENABLE_OBJC_ARC = YES;
				CLANG_WARN_BOOL_CONVERSION = YES;
				CLANG_WARN_CONSTANT_CONVERSION = YES;
				CLANG_WARN_DIRECT_OBJC_ISA_USAGE = YES_ERROR;
				CLANG_WARN_EMPTY_BODY = YES;
				CLANG_WARN_ENUM_CONVERSION = YES;
				CLANG_WARN_INT_CONVERSION = YES;
				CLANG_WARN_OBJC_ROOT_CLASS = YES_ERROR;
				CLANG_WARN_UNREACHABLE_CODE = YES;
				CLANG_WARN__DUPLICATE_METHOD_MATCH = YES;
				"CODE_SIGN_IDENTITY[sdk=iphoneos*]" = "iPhone Developer";
				COPY_PHASE_STRIP = NO;
				DEBUG_INFORMATION_FORMAT = dwarf;
				ENABLE_STRICT_OBJC_MSGSEND = YES;
				ENABLE_TESTABILITY = YES;
				GCC_C_LANGUAGE_STANDARD = gnu99;
				GCC_DYNAMIC_NO_PIC = NO;
				GCC_NO_COMMON_BLOCKS = YES;
				GCC_OPTIMIZATION_LEVEL = 0;
				GCC_PREPROCESSOR_DEFINITIONS = (
					"DEBUG=1",
					"$(inherited)",
				);
				GCC_WARN_64_TO_32_BIT_CONVERSION = YES;
				GCC_WARN_ABOUT_RETURN_TYPE = YES_ERROR;
				GCC_WARN_UNDECLARED_SELECTOR = YES;
				GCC_WARN_UNINITIALIZED_AUTOS = YES_AGGRESSIVE;
				GCC_WARN_UNUSED_FUNCTION = YES;
				GCC_WARN_UNUSED_VARIABLE = YES;
				IPHONEOS_DEPLOYMENT_TARGET = 9.3;
				MTL_ENABLE_DEBUG_INFO = YES;
				ONLY_ACTIVE_ARCH = YES;
				SDKROOT = iphoneos;
				SWIFT_OPTIMIZATION_LEVEL = "-Onone";
			};
			name = Debug;
		};
		6316D3A91D42932A00BEC471 /* Release */ = {
			isa = XCBuildConfiguration;
			buildSettings = {
				ALWAYS_SEARCH_USER_PATHS = NO;
				CLANG_ANALYZER_NONNULL = YES;
				CLANG_CXX_LANGUAGE_STANDARD = "gnu++0x";
				CLANG_CXX_LIBRARY = "libc++";
				CLANG_ENABLE_MODULES = YES;
				CLANG_ENABLE_OBJC_ARC = YES;
				CLANG_WARN_BOOL_CONVERSION = YES;
				CLANG_WARN_CONSTANT_CONVERSION = YES;
				CLANG_WARN_DIRECT_OBJC_ISA_USAGE = YES_ERROR;
				CLANG_WARN_EMPTY_BODY = YES;
				CLANG_WARN_ENUM_CONVERSION = YES;
				CLANG_WARN_INT_CONVERSION = YES;
				CLANG_WARN_OBJC_ROOT_CLASS = YES_ERROR;
				CLANG_WARN_UNREACHABLE_CODE = YES;
				CLANG_WARN__DUPLICATE_METHOD_MATCH = YES;
				"CODE_SIGN_IDENTITY[sdk=iphoneos*]" = "iPhone Developer";
				COPY_PHASE_STRIP = NO;
				DEBUG_INFORMATION_FORMAT = "dwarf-with-dsym";
				ENABLE_NS_ASSERTIONS = NO;
				ENABLE_STRICT_OBJC_MSGSEND = YES;
				GCC_C_LANGUAGE_STANDARD = gnu99;
				GCC_NO_COMMON_BLOCKS = YES;
				GCC_WARN_64_TO_32_BIT_CONVERSION = YES;
				GCC_WARN_ABOUT_RETURN_TYPE = YES_ERROR;
				GCC_WARN_UNDECLARED_SELECTOR = YES;
				GCC_WARN_UNINITIALIZED_AUTOS = YES_AGGRESSIVE;
				GCC_WARN_UNUSED_FUNCTION = YES;
				GCC_WARN_UNUSED_VARIABLE = YES;
				IPHONEOS_DEPLOYMENT_TARGET = 9.3;
				MTL_ENABLE_DEBUG_INFO = NO;
				SDKROOT = iphoneos;
				VALIDATE_PRODUCT = YES;
			};
			name = Release;
		};
		6316D3AB1D42932A00BEC471 /* Debug */ = {
			isa = XCBuildConfiguration;
			buildSettings = {
				ASSETCATALOG_COMPILER_APPICON_NAME = AppIcon;
				INFOPLIST_FILE = StepUp/Info.plist;
				LD_RUNPATH_SEARCH_PATHS = "$(inherited) @executable_path/Frameworks";
				PRODUCT_BUNDLE_IDENTIFIER = CLi.StepUp;
				PRODUCT_NAME = "$(TARGET_NAME)";
			};
			name = Debug;
		};
		6316D3AC1D42932A00BEC471 /* Release */ = {
			isa = XCBuildConfiguration;
			buildSettings = {
				ASSETCATALOG_COMPILER_APPICON_NAME = AppIcon;
				INFOPLIST_FILE = StepUp/Info.plist;
				LD_RUNPATH_SEARCH_PATHS = "$(inherited) @executable_path/Frameworks";
				PRODUCT_BUNDLE_IDENTIFIER = CLi.StepUp;
				PRODUCT_NAME = "$(TARGET_NAME)";
			};
			name = Release;
		};
		6316D3AE1D42932A00BEC471 /* Debug */ = {
			isa = XCBuildConfiguration;
			buildSettings = {
				BUNDLE_LOADER = "$(TEST_HOST)";
				INFOPLIST_FILE = StepUpTests/Info.plist;
				LD_RUNPATH_SEARCH_PATHS = "$(inherited) @executable_path/Frameworks @loader_path/Frameworks";
				PRODUCT_BUNDLE_IDENTIFIER = CLi.StepUpTests;
				PRODUCT_NAME = "$(TARGET_NAME)";
				TEST_HOST = "$(BUILT_PRODUCTS_DIR)/StepUp.app/StepUp";
			};
			name = Debug;
		};
		6316D3AF1D42932A00BEC471 /* Release */ = {
			isa = XCBuildConfiguration;
			buildSettings = {
				BUNDLE_LOADER = "$(TEST_HOST)";
				INFOPLIST_FILE = StepUpTests/Info.plist;
				LD_RUNPATH_SEARCH_PATHS = "$(inherited) @executable_path/Frameworks @loader_path/Frameworks";
				PRODUCT_BUNDLE_IDENTIFIER = CLi.StepUpTests;
				PRODUCT_NAME = "$(TARGET_NAME)";
				TEST_HOST = "$(BUILT_PRODUCTS_DIR)/StepUp.app/StepUp";
			};
			name = Release;
		};
		6316D3B11D42932A00BEC471 /* Debug */ = {
			isa = XCBuildConfiguration;
			buildSettings = {
				INFOPLIST_FILE = StepUpUITests/Info.plist;
				LD_RUNPATH_SEARCH_PATHS = "$(inherited) @executable_path/Frameworks @loader_path/Frameworks";
				PRODUCT_BUNDLE_IDENTIFIER = CLi.StepUpUITests;
				PRODUCT_NAME = "$(TARGET_NAME)";
				TEST_TARGET_NAME = StepUp;
			};
			name = Debug;
		};
		6316D3B21D42932A00BEC471 /* Release */ = {
			isa = XCBuildConfiguration;
			buildSettings = {
				INFOPLIST_FILE = StepUpUITests/Info.plist;
				LD_RUNPATH_SEARCH_PATHS = "$(inherited) @executable_path/Frameworks @loader_path/Frameworks";
				PRODUCT_BUNDLE_IDENTIFIER = CLi.StepUpUITests;
				PRODUCT_NAME = "$(TARGET_NAME)";
				TEST_TARGET_NAME = StepUp;
			};
			name = Release;
		};
/* End XCBuildConfiguration section */

/* Begin XCConfigurationList section */
		6316D3781D42932A00BEC471 /* Build configuration list for PBXProject "StepUp" */ = {
			isa = XCConfigurationList;
			buildConfigurations = (
				6316D3A81D42932A00BEC471 /* Debug */,
				6316D3A91D42932A00BEC471 /* Release */,
			);
			defaultConfigurationIsVisible = 0;
			defaultConfigurationName = Release;
		};
		6316D3AA1D42932A00BEC471 /* Build configuration list for PBXNativeTarget "StepUp" */ = {
			isa = XCConfigurationList;
			buildConfigurations = (
				6316D3AB1D42932A00BEC471 /* Debug */,
				6316D3AC1D42932A00BEC471 /* Release */,
			);
			defaultConfigurationIsVisible = 0;
		};
		6316D3AD1D42932A00BEC471 /* Build configuration list for PBXNativeTarget "StepUpTests" */ = {
			isa = XCConfigurationList;
			buildConfigurations = (
				6316D3AE1D42932A00BEC471 /* Debug */,
				6316D3AF1D42932A00BEC471 /* Release */,
			);
			defaultConfigurationIsVisible = 0;
		};
		6316D3B01D42932A00BEC471 /* Build configuration list for PBXNativeTarget "StepUpUITests" */ = {
			isa = XCConfigurationList;
			buildConfigurations = (
				6316D3B11D42932A00BEC471 /* Debug */,
				6316D3B21D42932A00BEC471 /* Release */,
			);
			defaultConfigurationIsVisible = 0;
		};
/* End XCConfigurationList section */

/* Begin XCVersionGroup section */
		6316D3821D42932A00BEC471 /* StepUp.xcdatamodeld */ = {
			isa = XCVersionGroup;
			children = (
				6316D3831D42932A00BEC471 /* StepUp.xcdatamodel */,
			);
			currentVersion = 6316D3831D42932A00BEC471 /* StepUp.xcdatamodel */;
			path = StepUp.xcdatamodeld;
			sourceTree = "<group>";
			versionGroupType = wrapper.xcdatamodel;
		};
/* End XCVersionGroup section */
	};
	rootObject = 6316D3751D42932A00BEC471 /* Project object */;
}
