// !$*UTF8*$!
{
	archiveVersion = 1;
	classes = {
	};
	objectVersion = 46;
	objects = {

/* Begin PBXBuildFile section */
		2A5C415E5C3E0AF71DAF1C37 /* Pods_StepUp.framework in Frameworks */ = {isa = PBXBuildFile; fileRef = 0489C862DC467BDD26231D48 /* Pods_StepUp.framework */; };
		6313CB4B1D551EC700D79E29 /* EditMessageViewController.swift in Sources */ = {isa = PBXBuildFile; fileRef = 6313CB4A1D551EC700D79E29 /* EditMessageViewController.swift */; };
		6313CB4E1D581A5300D79E29 /* TodayGoalsViewController.swift in Sources */ = {isa = PBXBuildFile; fileRef = 6313CB4D1D581A5300D79E29 /* TodayGoalsViewController.swift */; };
		6313CB501D58D30800D79E29 /* KDCircularProgress.swift in Sources */ = {isa = PBXBuildFile; fileRef = 6313CB4F1D58D30800D79E29 /* KDCircularProgress.swift */; };
		631D8FE41D5387B8001376B3 /* AddMessageViewController.swift in Sources */ = {isa = PBXBuildFile; fileRef = 631D8FE31D5387B8001376B3 /* AddMessageViewController.swift */; };
		632DAA731D64C4E30017379D /* RecordCOViewController.swift in Sources */ = {isa = PBXBuildFile; fileRef = 632DAA721D64C4E30017379D /* RecordCOViewController.swift */; };
		634B5A691D5A4F9E001A5813 /* CalendarViewController.swift in Sources */ = {isa = PBXBuildFile; fileRef = 634B5A681D5A4F9E001A5813 /* CalendarViewController.swift */; };
		634B5A711D5BAF02001A5813 /* StatisticsViewController.swift in Sources */ = {isa = PBXBuildFile; fileRef = 634B5A701D5BAF02001A5813 /* StatisticsViewController.swift */; };
		63EF3DD21D429F2400CCF847 /* AppDelegate.swift in Sources */ = {isa = PBXBuildFile; fileRef = 63EF3DD11D429F2400CCF847 /* AppDelegate.swift */; };
		63EF3DD41D429F2400CCF847 /* ViewController.swift in Sources */ = {isa = PBXBuildFile; fileRef = 63EF3DD31D429F2400CCF847 /* ViewController.swift */; };
		63EF3DD71D429F2400CCF847 /* Main.storyboard in Resources */ = {isa = PBXBuildFile; fileRef = 63EF3DD51D429F2400CCF847 /* Main.storyboard */; };
		63EF3DDA1D429F2400CCF847 /* StepUp.xcdatamodeld in Sources */ = {isa = PBXBuildFile; fileRef = 63EF3DD81D429F2400CCF847 /* StepUp.xcdatamodeld */; };
		63EF3DDC1D429F2400CCF847 /* Assets.xcassets in Resources */ = {isa = PBXBuildFile; fileRef = 63EF3DDB1D429F2400CCF847 /* Assets.xcassets */; };
		63EF3DDF1D429F2400CCF847 /* LaunchScreen.storyboard in Resources */ = {isa = PBXBuildFile; fileRef = 63EF3DDD1D429F2400CCF847 /* LaunchScreen.storyboard */; };
		63EF3DEA1D429F2400CCF847 /* StepUpTests.swift in Sources */ = {isa = PBXBuildFile; fileRef = 63EF3DE91D429F2400CCF847 /* StepUpTests.swift */; };
		63EF3DF51D429F2400CCF847 /* StepUpUITests.swift in Sources */ = {isa = PBXBuildFile; fileRef = 63EF3DF41D429F2400CCF847 /* StepUpUITests.swift */; };
		63F4BE2D1D50FB3900627899 /* SWRevealViewController.m in Sources */ = {isa = PBXBuildFile; fileRef = 63F4BE2C1D50FB3900627899 /* SWRevealViewController.m */; };
		63F4BE331D52467500627899 /* MMViewController.swift in Sources */ = {isa = PBXBuildFile; fileRef = 63F4BE321D52467500627899 /* MMViewController.swift */; };
		63F4BE351D524EB700627899 /* DashboardViewController.swift in Sources */ = {isa = PBXBuildFile; fileRef = 63F4BE341D524EB700627899 /* DashboardViewController.swift */; };
/* End PBXBuildFile section */

/* Begin PBXContainerItemProxy section */
		63EF3DE61D429F2400CCF847 /* PBXContainerItemProxy */ = {
			isa = PBXContainerItemProxy;
			containerPortal = 63EF3DC61D429F2400CCF847 /* Project object */;
			proxyType = 1;
			remoteGlobalIDString = 63EF3DCD1D429F2400CCF847;
			remoteInfo = StepUp;
		};
		63EF3DF11D429F2400CCF847 /* PBXContainerItemProxy */ = {
			isa = PBXContainerItemProxy;
			containerPortal = 63EF3DC61D429F2400CCF847 /* Project object */;
			proxyType = 1;
			remoteGlobalIDString = 63EF3DCD1D429F2400CCF847;
			remoteInfo = StepUp;
		};
/* End PBXContainerItemProxy section */

/* Begin PBXFileReference section */
		0489C862DC467BDD26231D48 /* Pods_StepUp.framework */ = {isa = PBXFileReference; explicitFileType = wrapper.framework; includeInIndex = 0; path = Pods_StepUp.framework; sourceTree = BUILT_PRODUCTS_DIR; };
		09C5559B6026F0DDCC027FEA /* Pods-StepUp.debug.xcconfig */ = {isa = PBXFileReference; includeInIndex = 1; lastKnownFileType = text.xcconfig; name = "Pods-StepUp.debug.xcconfig"; path = "Pods/Target Support Files/Pods-StepUp/Pods-StepUp.debug.xcconfig"; sourceTree = "<group>"; };
		6313CB4A1D551EC700D79E29 /* EditMessageViewController.swift */ = {isa = PBXFileReference; fileEncoding = 4; lastKnownFileType = sourcecode.swift; path = EditMessageViewController.swift; sourceTree = "<group>"; };
		6313CB4D1D581A5300D79E29 /* TodayGoalsViewController.swift */ = {isa = PBXFileReference; fileEncoding = 4; lastKnownFileType = sourcecode.swift; path = TodayGoalsViewController.swift; sourceTree = "<group>"; };
		6313CB4F1D58D30800D79E29 /* KDCircularProgress.swift */ = {isa = PBXFileReference; fileEncoding = 4; lastKnownFileType = sourcecode.swift; path = KDCircularProgress.swift; sourceTree = "<group>"; };
		631D8FE31D5387B8001376B3 /* AddMessageViewController.swift */ = {isa = PBXFileReference; fileEncoding = 4; lastKnownFileType = sourcecode.swift; path = AddMessageViewController.swift; sourceTree = "<group>"; };
		632DAA721D64C4E30017379D /* RecordCOViewController.swift */ = {isa = PBXFileReference; fileEncoding = 4; lastKnownFileType = sourcecode.swift; path = RecordCOViewController.swift; sourceTree = "<group>"; };
		634B5A681D5A4F9E001A5813 /* CalendarViewController.swift */ = {isa = PBXFileReference; fileEncoding = 4; lastKnownFileType = sourcecode.swift; path = CalendarViewController.swift; sourceTree = "<group>"; };
		634B5A701D5BAF02001A5813 /* StatisticsViewController.swift */ = {isa = PBXFileReference; fileEncoding = 4; lastKnownFileType = sourcecode.swift; path = StatisticsViewController.swift; sourceTree = "<group>"; };
		63EF3DCE1D429F2400CCF847 /* StepUp.app */ = {isa = PBXFileReference; explicitFileType = wrapper.application; includeInIndex = 0; path = StepUp.app; sourceTree = BUILT_PRODUCTS_DIR; };
		63EF3DD11D429F2400CCF847 /* AppDelegate.swift */ = {isa = PBXFileReference; lastKnownFileType = sourcecode.swift; path = AppDelegate.swift; sourceTree = "<group>"; };
		63EF3DD31D429F2400CCF847 /* ViewController.swift */ = {isa = PBXFileReference; lastKnownFileType = sourcecode.swift; path = ViewController.swift; sourceTree = "<group>"; };
		63EF3DD61D429F2400CCF847 /* Base */ = {isa = PBXFileReference; lastKnownFileType = file.storyboard; name = Base; path = Base.lproj/Main.storyboard; sourceTree = "<group>"; };
		63EF3DD91D429F2400CCF847 /* StepUp.xcdatamodel */ = {isa = PBXFileReference; lastKnownFileType = wrapper.xcdatamodel; path = StepUp.xcdatamodel; sourceTree = "<group>"; };
		63EF3DDB1D429F2400CCF847 /* Assets.xcassets */ = {isa = PBXFileReference; lastKnownFileType = folder.assetcatalog; path = Assets.xcassets; sourceTree = "<group>"; };
		63EF3DDE1D429F2400CCF847 /* Base */ = {isa = PBXFileReference; lastKnownFileType = file.storyboard; name = Base; path = Base.lproj/LaunchScreen.storyboard; sourceTree = "<group>"; };
		63EF3DE01D429F2400CCF847 /* Info.plist */ = {isa = PBXFileReference; lastKnownFileType = text.plist.xml; path = Info.plist; sourceTree = "<group>"; };
		63EF3DE51D429F2400CCF847 /* StepUpTests.xctest */ = {isa = PBXFileReference; explicitFileType = wrapper.cfbundle; includeInIndex = 0; path = StepUpTests.xctest; sourceTree = BUILT_PRODUCTS_DIR; };
		63EF3DE91D429F2400CCF847 /* StepUpTests.swift */ = {isa = PBXFileReference; lastKnownFileType = sourcecode.swift; path = StepUpTests.swift; sourceTree = "<group>"; };
		63EF3DEB1D429F2400CCF847 /* Info.plist */ = {isa = PBXFileReference; lastKnownFileType = text.plist.xml; path = Info.plist; sourceTree = "<group>"; };
		63EF3DF01D429F2400CCF847 /* StepUpUITests.xctest */ = {isa = PBXFileReference; explicitFileType = wrapper.cfbundle; includeInIndex = 0; path = StepUpUITests.xctest; sourceTree = BUILT_PRODUCTS_DIR; };
		63EF3DF41D429F2400CCF847 /* StepUpUITests.swift */ = {isa = PBXFileReference; lastKnownFileType = sourcecode.swift; path = StepUpUITests.swift; sourceTree = "<group>"; };
		63EF3DF61D429F2400CCF847 /* Info.plist */ = {isa = PBXFileReference; lastKnownFileType = text.plist.xml; path = Info.plist; sourceTree = "<group>"; };
		63F4BE2A1D50FB3900627899 /* StepUp-Bridging-Header.h */ = {isa = PBXFileReference; lastKnownFileType = sourcecode.c.h; path = "StepUp-Bridging-Header.h"; sourceTree = "<group>"; };
		63F4BE2B1D50FB3900627899 /* SWRevealViewController.h */ = {isa = PBXFileReference; fileEncoding = 4; lastKnownFileType = sourcecode.c.h; path = SWRevealViewController.h; sourceTree = "<group>"; };
		63F4BE2C1D50FB3900627899 /* SWRevealViewController.m */ = {isa = PBXFileReference; fileEncoding = 4; lastKnownFileType = sourcecode.c.objc; path = SWRevealViewController.m; sourceTree = "<group>"; };
		63F4BE321D52467500627899 /* MMViewController.swift */ = {isa = PBXFileReference; fileEncoding = 4; lastKnownFileType = sourcecode.swift; path = MMViewController.swift; sourceTree = "<group>"; };
		63F4BE341D524EB700627899 /* DashboardViewController.swift */ = {isa = PBXFileReference; fileEncoding = 4; lastKnownFileType = sourcecode.swift; path = DashboardViewController.swift; sourceTree = "<group>"; };
		E81880BC3368F11A2457C476 /* Pods-StepUp.release.xcconfig */ = {isa = PBXFileReference; includeInIndex = 1; lastKnownFileType = text.xcconfig; name = "Pods-StepUp.release.xcconfig"; path = "Pods/Target Support Files/Pods-StepUp/Pods-StepUp.release.xcconfig"; sourceTree = "<group>"; };
/* End PBXFileReference section */

/* Begin PBXFrameworksBuildPhase section */
		63EF3DCB1D429F2400CCF847 /* Frameworks */ = {
			isa = PBXFrameworksBuildPhase;
			buildActionMask = 2147483647;
			files = (
				2A5C415E5C3E0AF71DAF1C37 /* Pods_StepUp.framework in Frameworks */,
			);
			runOnlyForDeploymentPostprocessing = 0;
		};
		63EF3DE21D429F2400CCF847 /* Frameworks */ = {
			isa = PBXFrameworksBuildPhase;
			buildActionMask = 2147483647;
			files = (
			);
			runOnlyForDeploymentPostprocessing = 0;
		};
		63EF3DED1D429F2400CCF847 /* Frameworks */ = {
			isa = PBXFrameworksBuildPhase;
			buildActionMask = 2147483647;
			files = (
			);
			runOnlyForDeploymentPostprocessing = 0;
		};
/* End PBXFrameworksBuildPhase section */

/* Begin PBXGroup section */
		6313CB4C1D552FB000D79E29 /* Motivational Messages */ = {
			isa = PBXGroup;
			children = (
				6313CB4A1D551EC700D79E29 /* EditMessageViewController.swift */,
				63F4BE321D52467500627899 /* MMViewController.swift */,
				631D8FE31D5387B8001376B3 /* AddMessageViewController.swift */,
			);
			name = "Motivational Messages";
			sourceTree = "<group>";
		};
		634B5A6A1D5A5AF4001A5813 /* Today's Goals */ = {
			isa = PBXGroup;
			children = (
				6313CB4F1D58D30800D79E29 /* KDCircularProgress.swift */,
				6313CB4D1D581A5300D79E29 /* TodayGoalsViewController.swift */,
			);
			name = "Today's Goals";
			sourceTree = "<group>";
		};
		634B5A6F1D5BA1D7001A5813 /* Calendar */ = {
			isa = PBXGroup;
			children = (
				634B5A681D5A4F9E001A5813 /* CalendarViewController.swift */,
			);
			name = Calendar;
			sourceTree = "<group>";
		};
		639B75C41D5E4A1C00AA3A60 /* Statistics */ = {
			isa = PBXGroup;
			children = (
				634B5A701D5BAF02001A5813 /* StatisticsViewController.swift */,
			);
			name = Statistics;
			sourceTree = "<group>";
		};
		63EF3DC51D429F2400CCF847 = {
			isa = PBXGroup;
			children = (
				63EF3DD01D429F2400CCF847 /* StepUp */,
				63EF3DE81D429F2400CCF847 /* StepUpTests */,
				63EF3DF31D429F2400CCF847 /* StepUpUITests */,
				63EF3DCF1D429F2400CCF847 /* Products */,
				E248D31D532BBA4224447E9A /* Pods */,
				C25CD321FDB7883E53661325 /* Frameworks */,
			);
			sourceTree = "<group>";
		};
		63EF3DCF1D429F2400CCF847 /* Products */ = {
			isa = PBXGroup;
			children = (
				63EF3DCE1D429F2400CCF847 /* StepUp.app */,
				63EF3DE51D429F2400CCF847 /* StepUpTests.xctest */,
				63EF3DF01D429F2400CCF847 /* StepUpUITests.xctest */,
			);
			name = Products;
			sourceTree = "<group>";
		};
		63EF3DD01D429F2400CCF847 /* StepUp */ = {
			isa = PBXGroup;
			children = (
				63F4BE291D50FA8000627899 /* SWRevealViewController */,
				63EF3DD11D429F2400CCF847 /* AppDelegate.swift */,
				63EF3DD31D429F2400CCF847 /* ViewController.swift */,
				63F4BE341D524EB700627899 /* DashboardViewController.swift */,
				63EF3DD51D429F2400CCF847 /* Main.storyboard */,
				632DAA721D64C4E30017379D /* RecordCOViewController.swift */,
				639B75C41D5E4A1C00AA3A60 /* Statistics */,
				634B5A6A1D5A5AF4001A5813 /* Today's Goals */,
				6313CB4C1D552FB000D79E29 /* Motivational Messages */,
				634B5A6F1D5BA1D7001A5813 /* Calendar */,
				63EF3DDB1D429F2400CCF847 /* Assets.xcassets */,
				63EF3DDD1D429F2400CCF847 /* LaunchScreen.storyboard */,
				63EF3DE01D429F2400CCF847 /* Info.plist */,
				63EF3DD81D429F2400CCF847 /* StepUp.xcdatamodeld */,
			);
			path = StepUp;
			sourceTree = "<group>";
		};
		63EF3DE81D429F2400CCF847 /* StepUpTests */ = {
			isa = PBXGroup;
			children = (
				63EF3DE91D429F2400CCF847 /* StepUpTests.swift */,
				63EF3DEB1D429F2400CCF847 /* Info.plist */,
			);
			path = StepUpTests;
			sourceTree = "<group>";
		};
		63EF3DF31D429F2400CCF847 /* StepUpUITests */ = {
			isa = PBXGroup;
			children = (
				63EF3DF41D429F2400CCF847 /* StepUpUITests.swift */,
				63EF3DF61D429F2400CCF847 /* Info.plist */,
			);
			path = StepUpUITests;
			sourceTree = "<group>";
		};
		63F4BE291D50FA8000627899 /* SWRevealViewController */ = {
			isa = PBXGroup;
			children = (
				63F4BE2B1D50FB3900627899 /* SWRevealViewController.h */,
				63F4BE2C1D50FB3900627899 /* SWRevealViewController.m */,
				63F4BE2A1D50FB3900627899 /* StepUp-Bridging-Header.h */,
			);
			name = SWRevealViewController;
			path = ..;
			sourceTree = "<group>";
		};
		C25CD321FDB7883E53661325 /* Frameworks */ = {
			isa = PBXGroup;
			children = (
				0489C862DC467BDD26231D48 /* Pods_StepUp.framework */,
			);
			name = Frameworks;
			sourceTree = "<group>";
		};
		E248D31D532BBA4224447E9A /* Pods */ = {
			isa = PBXGroup;
			children = (
				09C5559B6026F0DDCC027FEA /* Pods-StepUp.debug.xcconfig */,
				E81880BC3368F11A2457C476 /* Pods-StepUp.release.xcconfig */,
			);
			name = Pods;
			sourceTree = "<group>";
		};
/* End PBXGroup section */

/* Begin PBXNativeTarget section */
		63EF3DCD1D429F2400CCF847 /* StepUp */ = {
			isa = PBXNativeTarget;
			buildConfigurationList = 63EF3DF91D429F2400CCF847 /* Build configuration list for PBXNativeTarget "StepUp" */;
			buildPhases = (
				96117521266A9590F4B4C184 /* [CP] Check Pods Manifest.lock */,
				63EF3DCA1D429F2400CCF847 /* Sources */,
				63EF3DCB1D429F2400CCF847 /* Frameworks */,
				63EF3DCC1D429F2400CCF847 /* Resources */,
				54DF0B5AFD4F2A30E502D362 /* [CP] Embed Pods Frameworks */,
				289C6EFE8C8926012CB8B22D /* [CP] Copy Pods Resources */,
			);
			buildRules = (
			);
			dependencies = (
			);
			name = StepUp;
			productName = StepUp;
			productReference = 63EF3DCE1D429F2400CCF847 /* StepUp.app */;
			productType = "com.apple.product-type.application";
		};
		63EF3DE41D429F2400CCF847 /* StepUpTests */ = {
			isa = PBXNativeTarget;
			buildConfigurationList = 63EF3DFC1D429F2400CCF847 /* Build configuration list for PBXNativeTarget "StepUpTests" */;
			buildPhases = (
				63EF3DE11D429F2400CCF847 /* Sources */,
				63EF3DE21D429F2400CCF847 /* Frameworks */,
				63EF3DE31D429F2400CCF847 /* Resources */,
			);
			buildRules = (
			);
			dependencies = (
				63EF3DE71D429F2400CCF847 /* PBXTargetDependency */,
			);
			name = StepUpTests;
			productName = StepUpTests;
			productReference = 63EF3DE51D429F2400CCF847 /* StepUpTests.xctest */;
			productType = "com.apple.product-type.bundle.unit-test";
		};
		63EF3DEF1D429F2400CCF847 /* StepUpUITests */ = {
			isa = PBXNativeTarget;
			buildConfigurationList = 63EF3DFF1D429F2400CCF847 /* Build configuration list for PBXNativeTarget "StepUpUITests" */;
			buildPhases = (
				63EF3DEC1D429F2400CCF847 /* Sources */,
				63EF3DED1D429F2400CCF847 /* Frameworks */,
				63EF3DEE1D429F2400CCF847 /* Resources */,
			);
			buildRules = (
			);
			dependencies = (
				63EF3DF21D429F2400CCF847 /* PBXTargetDependency */,
			);
			name = StepUpUITests;
			productName = StepUpUITests;
			productReference = 63EF3DF01D429F2400CCF847 /* StepUpUITests.xctest */;
			productType = "com.apple.product-type.bundle.ui-testing";
		};
/* End PBXNativeTarget section */

/* Begin PBXProject section */
		63EF3DC61D429F2400CCF847 /* Project object */ = {
			isa = PBXProject;
			attributes = {
				LastSwiftUpdateCheck = 0730;
				LastUpgradeCheck = 0730;
				ORGANIZATIONNAME = "Cody Li";
				TargetAttributes = {
					63EF3DCD1D429F2400CCF847 = {
						CreatedOnToolsVersion = 7.3.1;
						DevelopmentTeam = UFU9JELR9E;
					};
					63EF3DE41D429F2400CCF847 = {
						CreatedOnToolsVersion = 7.3.1;
						TestTargetID = 63EF3DCD1D429F2400CCF847;
					};
					63EF3DEF1D429F2400CCF847 = {
						CreatedOnToolsVersion = 7.3.1;
						TestTargetID = 63EF3DCD1D429F2400CCF847;
					};
				};
			};
			buildConfigurationList = 63EF3DC91D429F2400CCF847 /* Build configuration list for PBXProject "StepUp" */;
			compatibilityVersion = "Xcode 3.2";
			developmentRegion = English;
			hasScannedForEncodings = 0;
			knownRegions = (
				en,
				Base,
			);
			mainGroup = 63EF3DC51D429F2400CCF847;
			productRefGroup = 63EF3DCF1D429F2400CCF847 /* Products */;
			projectDirPath = "";
			projectRoot = "";
			targets = (
				63EF3DCD1D429F2400CCF847 /* StepUp */,
				63EF3DE41D429F2400CCF847 /* StepUpTests */,
				63EF3DEF1D429F2400CCF847 /* StepUpUITests */,
			);
		};
/* End PBXProject section */

/* Begin PBXResourcesBuildPhase section */
		63EF3DCC1D429F2400CCF847 /* Resources */ = {
			isa = PBXResourcesBuildPhase;
			buildActionMask = 2147483647;
			files = (
				63EF3DDF1D429F2400CCF847 /* LaunchScreen.storyboard in Resources */,
				63EF3DDC1D429F2400CCF847 /* Assets.xcassets in Resources */,
				63EF3DD71D429F2400CCF847 /* Main.storyboard in Resources */,
			);
			runOnlyForDeploymentPostprocessing = 0;
		};
		63EF3DE31D429F2400CCF847 /* Resources */ = {
			isa = PBXResourcesBuildPhase;
			buildActionMask = 2147483647;
			files = (
			);
			runOnlyForDeploymentPostprocessing = 0;
		};
		63EF3DEE1D429F2400CCF847 /* Resources */ = {
			isa = PBXResourcesBuildPhase;
			buildActionMask = 2147483647;
			files = (
			);
			runOnlyForDeploymentPostprocessing = 0;
		};
/* End PBXResourcesBuildPhase section */

/* Begin PBXShellScriptBuildPhase section */
		289C6EFE8C8926012CB8B22D /* [CP] Copy Pods Resources */ = {
			isa = PBXShellScriptBuildPhase;
			buildActionMask = 2147483647;
			files = (
			);
			inputPaths = (
			);
			name = "[CP] Copy Pods Resources";
			outputPaths = (
			);
			runOnlyForDeploymentPostprocessing = 0;
			shellPath = /bin/sh;
			shellScript = "\"${SRCROOT}/Pods/Target Support Files/Pods-StepUp/Pods-StepUp-resources.sh\"\n";
			showEnvVarsInLog = 0;
		};
		54DF0B5AFD4F2A30E502D362 /* [CP] Embed Pods Frameworks */ = {
			isa = PBXShellScriptBuildPhase;
			buildActionMask = 2147483647;
			files = (
			);
			inputPaths = (
			);
			name = "[CP] Embed Pods Frameworks";
			outputPaths = (
			);
			runOnlyForDeploymentPostprocessing = 0;
			shellPath = /bin/sh;
			shellScript = "\"${SRCROOT}/Pods/Target Support Files/Pods-StepUp/Pods-StepUp-frameworks.sh\"\n";
			showEnvVarsInLog = 0;
		};
		96117521266A9590F4B4C184 /* [CP] Check Pods Manifest.lock */ = {
			isa = PBXShellScriptBuildPhase;
			buildActionMask = 2147483647;
			files = (
			);
			inputPaths = (
			);
			name = "[CP] Check Pods Manifest.lock";
			outputPaths = (
			);
			runOnlyForDeploymentPostprocessing = 0;
			shellPath = /bin/sh;
			shellScript = "diff \"${PODS_ROOT}/../Podfile.lock\" \"${PODS_ROOT}/Manifest.lock\" > /dev/null\nif [[ $? != 0 ]] ; then\n    cat << EOM\nerror: The sandbox is not in sync with the Podfile.lock. Run 'pod install' or update your CocoaPods installation.\nEOM\n    exit 1\nfi\n";
			showEnvVarsInLog = 0;
		};
/* End PBXShellScriptBuildPhase section */

/* Begin PBXSourcesBuildPhase section */
		63EF3DCA1D429F2400CCF847 /* Sources */ = {
			isa = PBXSourcesBuildPhase;
			buildActionMask = 2147483647;
			files = (
				63F4BE331D52467500627899 /* MMViewController.swift in Sources */,
				63F4BE351D524EB700627899 /* DashboardViewController.swift in Sources */,
				632DAA731D64C4E30017379D /* RecordCOViewController.swift in Sources */,
				63EF3DD41D429F2400CCF847 /* ViewController.swift in Sources */,
				634B5A711D5BAF02001A5813 /* StatisticsViewController.swift in Sources */,
				634B5A691D5A4F9E001A5813 /* CalendarViewController.swift in Sources */,
				631D8FE41D5387B8001376B3 /* AddMessageViewController.swift in Sources */,
				6313CB4B1D551EC700D79E29 /* EditMessageViewController.swift in Sources */,
				63EF3DD21D429F2400CCF847 /* AppDelegate.swift in Sources */,
				6313CB501D58D30800D79E29 /* KDCircularProgress.swift in Sources */,
				63EF3DDA1D429F2400CCF847 /* StepUp.xcdatamodeld in Sources */,
				63F4BE2D1D50FB3900627899 /* SWRevealViewController.m in Sources */,
				6313CB4E1D581A5300D79E29 /* TodayGoalsViewController.swift in Sources */,
			);
			runOnlyForDeploymentPostprocessing = 0;
		};
		63EF3DE11D429F2400CCF847 /* Sources */ = {
			isa = PBXSourcesBuildPhase;
			buildActionMask = 2147483647;
			files = (
				63EF3DEA1D429F2400CCF847 /* StepUpTests.swift in Sources */,
			);
			runOnlyForDeploymentPostprocessing = 0;
		};
		63EF3DEC1D429F2400CCF847 /* Sources */ = {
			isa = PBXSourcesBuildPhase;
			buildActionMask = 2147483647;
			files = (
				63EF3DF51D429F2400CCF847 /* StepUpUITests.swift in Sources */,
			);
			runOnlyForDeploymentPostprocessing = 0;
		};
/* End PBXSourcesBuildPhase section */

/* Begin PBXTargetDependency section */
		63EF3DE71D429F2400CCF847 /* PBXTargetDependency */ = {
			isa = PBXTargetDependency;
			target = 63EF3DCD1D429F2400CCF847 /* StepUp */;
			targetProxy = 63EF3DE61D429F2400CCF847 /* PBXContainerItemProxy */;
		};
		63EF3DF21D429F2400CCF847 /* PBXTargetDependency */ = {
			isa = PBXTargetDependency;
			target = 63EF3DCD1D429F2400CCF847 /* StepUp */;
			targetProxy = 63EF3DF11D429F2400CCF847 /* PBXContainerItemProxy */;
		};
/* End PBXTargetDependency section */

/* Begin PBXVariantGroup section */
		63EF3DD51D429F2400CCF847 /* Main.storyboard */ = {
			isa = PBXVariantGroup;
			children = (
				63EF3DD61D429F2400CCF847 /* Base */,
			);
			name = Main.storyboard;
			sourceTree = "<group>";
		};
		63EF3DDD1D429F2400CCF847 /* LaunchScreen.storyboard */ = {
			isa = PBXVariantGroup;
			children = (
				63EF3DDE1D429F2400CCF847 /* Base */,
			);
			name = LaunchScreen.storyboard;
			sourceTree = "<group>";
		};
/* End PBXVariantGroup section */

/* Begin XCBuildConfiguration section */
		63EF3DF71D429F2400CCF847 /* Debug */ = {
			isa = XCBuildConfiguration;
			buildSettings = {
				ALWAYS_SEARCH_USER_PATHS = NO;
				CLANG_ANALYZER_NONNULL = YES;
				CLANG_CXX_LANGUAGE_STANDARD = "gnu++0x";
				CLANG_CXX_LIBRARY = "libc++";
				CLANG_ENABLE_MODULES = YES;
				CLANG_ENABLE_OBJC_ARC = YES;
				CLANG_WARN_BOOL_CONVERSION = YES;
				CLANG_WARN_CONSTANT_CONVERSION = YES;
				CLANG_WARN_DIRECT_OBJC_ISA_USAGE = YES_ERROR;
				CLANG_WARN_EMPTY_BODY = YES;
				CLANG_WARN_ENUM_CONVERSION = YES;
				CLANG_WARN_INT_CONVERSION = YES;
				CLANG_WARN_OBJC_ROOT_CLASS = YES_ERROR;
				CLANG_WARN_UNREACHABLE_CODE = YES;
				CLANG_WARN__DUPLICATE_METHOD_MATCH = YES;
				"CODE_SIGN_IDENTITY[sdk=iphoneos*]" = "iPhone Developer";
				COPY_PHASE_STRIP = NO;
				DEBUG_INFORMATION_FORMAT = dwarf;
				ENABLE_STRICT_OBJC_MSGSEND = YES;
				ENABLE_TESTABILITY = YES;
				GCC_C_LANGUAGE_STANDARD = gnu99;
				GCC_DYNAMIC_NO_PIC = NO;
				GCC_NO_COMMON_BLOCKS = YES;
				GCC_OPTIMIZATION_LEVEL = 0;
				GCC_PREPROCESSOR_DEFINITIONS = (
					"DEBUG=1",
					"$(inherited)",
				);
				GCC_WARN_64_TO_32_BIT_CONVERSION = YES;
				GCC_WARN_ABOUT_RETURN_TYPE = YES_ERROR;
				GCC_WARN_UNDECLARED_SELECTOR = YES;
				GCC_WARN_UNINITIALIZED_AUTOS = YES_AGGRESSIVE;
				GCC_WARN_UNUSED_FUNCTION = YES;
				GCC_WARN_UNUSED_VARIABLE = YES;
				IPHONEOS_DEPLOYMENT_TARGET = 9.3;
				MTL_ENABLE_DEBUG_INFO = YES;
				ONLY_ACTIVE_ARCH = YES;
				SDKROOT = iphoneos;
				SWIFT_OPTIMIZATION_LEVEL = "-Onone";
			};
			name = Debug;
		};
		63EF3DF81D429F2400CCF847 /* Release */ = {
			isa = XCBuildConfiguration;
			buildSettings = {
				ALWAYS_SEARCH_USER_PATHS = NO;
				CLANG_ANALYZER_NONNULL = YES;
				CLANG_CXX_LANGUAGE_STANDARD = "gnu++0x";
				CLANG_CXX_LIBRARY = "libc++";
				CLANG_ENABLE_MODULES = YES;
				CLANG_ENABLE_OBJC_ARC = YES;
				CLANG_WARN_BOOL_CONVERSION = YES;
				CLANG_WARN_CONSTANT_CONVERSION = YES;
				CLANG_WARN_DIRECT_OBJC_ISA_USAGE = YES_ERROR;
				CLANG_WARN_EMPTY_BODY = YES;
				CLANG_WARN_ENUM_CONVERSION = YES;
				CLANG_WARN_INT_CONVERSION = YES;
				CLANG_WARN_OBJC_ROOT_CLASS = YES_ERROR;
				CLANG_WARN_UNREACHABLE_CODE = YES;
				CLANG_WARN__DUPLICATE_METHOD_MATCH = YES;
				"CODE_SIGN_IDENTITY[sdk=iphoneos*]" = "iPhone Developer";
				COPY_PHASE_STRIP = NO;
				DEBUG_INFORMATION_FORMAT = "dwarf-with-dsym";
				ENABLE_NS_ASSERTIONS = NO;
				ENABLE_STRICT_OBJC_MSGSEND = YES;
				GCC_C_LANGUAGE_STANDARD = gnu99;
				GCC_NO_COMMON_BLOCKS = YES;
				GCC_WARN_64_TO_32_BIT_CONVERSION = YES;
				GCC_WARN_ABOUT_RETURN_TYPE = YES_ERROR;
				GCC_WARN_UNDECLARED_SELECTOR = YES;
				GCC_WARN_UNINITIALIZED_AUTOS = YES_AGGRESSIVE;
				GCC_WARN_UNUSED_FUNCTION = YES;
				GCC_WARN_UNUSED_VARIABLE = YES;
				IPHONEOS_DEPLOYMENT_TARGET = 9.3;
				MTL_ENABLE_DEBUG_INFO = NO;
				SDKROOT = iphoneos;
				VALIDATE_PRODUCT = YES;
			};
			name = Release;
		};
		63EF3DFA1D429F2400CCF847 /* Debug */ = {
			isa = XCBuildConfiguration;
			baseConfigurationReference = 09C5559B6026F0DDCC027FEA /* Pods-StepUp.debug.xcconfig */;
			buildSettings = {
				ASSETCATALOG_COMPILER_APPICON_NAME = AppIcon;
				CLANG_ENABLE_MODULES = YES;
				CODE_SIGN_IDENTITY = "iPhone Developer";
				"CODE_SIGN_IDENTITY[sdk=iphoneos*]" = "iPhone Developer";
				INFOPLIST_FILE = StepUp/Info.plist;
				LD_RUNPATH_SEARCH_PATHS = "$(inherited) @executable_path/Frameworks";
				PRODUCT_BUNDLE_IDENTIFIER = CLi.StepUp;
				PRODUCT_NAME = "$(TARGET_NAME)";
				PROVISIONING_PROFILE = "";
				SWIFT_OBJC_BRIDGING_HEADER = "StepUp-Bridging-Header.h";
				SWIFT_OPTIMIZATION_LEVEL = "-Onone";
			};
			name = Debug;
		};
		63EF3DFB1D429F2400CCF847 /* Release */ = {
			isa = XCBuildConfiguration;
			baseConfigurationReference = E81880BC3368F11A2457C476 /* Pods-StepUp.release.xcconfig */;
			buildSettings = {
				ASSETCATALOG_COMPILER_APPICON_NAME = AppIcon;
				CLANG_ENABLE_MODULES = YES;
				CODE_SIGN_IDENTITY = "iPhone Developer";
				"CODE_SIGN_IDENTITY[sdk=iphoneos*]" = "iPhone Developer";
				INFOPLIST_FILE = StepUp/Info.plist;
				LD_RUNPATH_SEARCH_PATHS = "$(inherited) @executable_path/Frameworks";
				PRODUCT_BUNDLE_IDENTIFIER = CLi.StepUp;
				PRODUCT_NAME = "$(TARGET_NAME)";
				PROVISIONING_PROFILE = "";
				SWIFT_OBJC_BRIDGING_HEADER = "StepUp-Bridging-Header.h";
			};
			name = Release;
		};
		63EF3DFD1D429F2400CCF847 /* Debug */ = {
			isa = XCBuildConfiguration;
			buildSettings = {
				BUNDLE_LOADER = "$(TEST_HOST)";
				INFOPLIST_FILE = StepUpTests/Info.plist;
				LD_RUNPATH_SEARCH_PATHS = "$(inherited) @executable_path/Frameworks @loader_path/Frameworks";
				PRODUCT_BUNDLE_IDENTIFIER = CLi.StepUpTests;
				PRODUCT_NAME = "$(TARGET_NAME)";
				TEST_HOST = "$(BUILT_PRODUCTS_DIR)/StepUp.app/StepUp";
			};
			name = Debug;
		};
		63EF3DFE1D429F2400CCF847 /* Release */ = {
			isa = XCBuildConfiguration;
			buildSettings = {
				BUNDLE_LOADER = "$(TEST_HOST)";
				INFOPLIST_FILE = StepUpTests/Info.plist;
				LD_RUNPATH_SEARCH_PATHS = "$(inherited) @executable_path/Frameworks @loader_path/Frameworks";
				PRODUCT_BUNDLE_IDENTIFIER = CLi.StepUpTests;
				PRODUCT_NAME = "$(TARGET_NAME)";
				TEST_HOST = "$(BUILT_PRODUCTS_DIR)/StepUp.app/StepUp";
			};
			name = Release;
		};
		63EF3E001D429F2400CCF847 /* Debug */ = {
			isa = XCBuildConfiguration;
			buildSettings = {
				INFOPLIST_FILE = StepUpUITests/Info.plist;
				LD_RUNPATH_SEARCH_PATHS = "$(inherited) @executable_path/Frameworks @loader_path/Frameworks";
				PRODUCT_BUNDLE_IDENTIFIER = CLi.StepUpUITests;
				PRODUCT_NAME = "$(TARGET_NAME)";
				TEST_TARGET_NAME = StepUp;
			};
			name = Debug;
		};
		63EF3E011D429F2400CCF847 /* Release */ = {
			isa = XCBuildConfiguration;
			buildSettings = {
				INFOPLIST_FILE = StepUpUITests/Info.plist;
				LD_RUNPATH_SEARCH_PATHS = "$(inherited) @executable_path/Frameworks @loader_path/Frameworks";
				PRODUCT_BUNDLE_IDENTIFIER = CLi.StepUpUITests;
				PRODUCT_NAME = "$(TARGET_NAME)";
				TEST_TARGET_NAME = StepUp;
			};
			name = Release;
		};
/* End XCBuildConfiguration section */

/* Begin XCConfigurationList section */
		63EF3DC91D429F2400CCF847 /* Build configuration list for PBXProject "StepUp" */ = {
			isa = XCConfigurationList;
			buildConfigurations = (
				63EF3DF71D429F2400CCF847 /* Debug */,
				63EF3DF81D429F2400CCF847 /* Release */,
			);
			defaultConfigurationIsVisible = 0;
			defaultConfigurationName = Release;
		};
		63EF3DF91D429F2400CCF847 /* Build configuration list for PBXNativeTarget "StepUp" */ = {
			isa = XCConfigurationList;
			buildConfigurations = (
				63EF3DFA1D429F2400CCF847 /* Debug */,
				63EF3DFB1D429F2400CCF847 /* Release */,
			);
			defaultConfigurationIsVisible = 0;
			defaultConfigurationName = Release;
		};
		63EF3DFC1D429F2400CCF847 /* Build configuration list for PBXNativeTarget "StepUpTests" */ = {
			isa = XCConfigurationList;
			buildConfigurations = (
				63EF3DFD1D429F2400CCF847 /* Debug */,
				63EF3DFE1D429F2400CCF847 /* Release */,
			);
			defaultConfigurationIsVisible = 0;
			defaultConfigurationName = Release;
		};
		63EF3DFF1D429F2400CCF847 /* Build configuration list for PBXNativeTarget "StepUpUITests" */ = {
			isa = XCConfigurationList;
			buildConfigurations = (
				63EF3E001D429F2400CCF847 /* Debug */,
				63EF3E011D429F2400CCF847 /* Release */,
			);
			defaultConfigurationIsVisible = 0;
			defaultConfigurationName = Release;
		};
/* End XCConfigurationList section */

/* Begin XCVersionGroup section */
		63EF3DD81D429F2400CCF847 /* StepUp.xcdatamodeld */ = {
			isa = XCVersionGroup;
			children = (
				63EF3DD91D429F2400CCF847 /* StepUp.xcdatamodel */,
			);
			currentVersion = 63EF3DD91D429F2400CCF847 /* StepUp.xcdatamodel */;
			path = StepUp.xcdatamodeld;
			sourceTree = "<group>";
			versionGroupType = wrapper.xcdatamodel;
		};
/* End XCVersionGroup section */
	};
	rootObject = 63EF3DC61D429F2400CCF847 /* Project object */;
}
